FORGE
  remote: http://forge.puppetlabs.com
  specs:
    maestrodev/wget (1.3.1)
    puppetlabs/stdlib (4.1.0)
    willdurand/nodejs (1.6.0)
      maestrodev/wget (>= 0.0.0)
      puppetlabs/stdlib (>= 0.0.0)

GIT
  remote: https://github.com/synyx/puppet-debian-base.git
  ref: master
  sha: 102b2fc1f5e5b61c6225289679153273bf7dc0c9
  specs:
    debian_base (0.0.1)

DEPENDENCIES
  debian_base (>= 0)
  willdurand/nodejs (= 1.6.0)

